{
  "originHash" : "3cf7e9f8eaa4203d91dd1140e8691cfb368ae00ae80af9a180cda30e9c97e623",
  "pins" : [
    {
      "identity" : "argmax-oss-swift",
      "kind" : "remoteSourceControl",
      "location" : "https://github.com/argmaxinc/argmax-oss-swift.git",
      "state" : {
        "revision" : "1e2a163736dfa5a198e637ae44c114e1c6d5cc2d",
        "version" : "1.1.0"
      }
    },
    {
      "identity" : "grdb.swift",
      "kind" : "remoteSourceControl",
      "location" : "https://github.com/groue/GRDB.swift.git",
      "state" : {
        "revision" : "b83108d10f42680d78f23fe4d4d80fc88dab3212",
        "version" : "7.11.1"
      }
    },
    {
      "identity" : "keyboardshortcuts",
      "kind" : "remoteSourceControl",
      "location" : "https://github.com/sindresorhus/KeyboardShortcuts.git",
      "state" : {
        "revision" : "772133d9dbe800fdac0473226822994c5c162c58",
        "version" : "3.1.0"
      }
    },
    {
      "identity" : "swift-argument-parser",
      "kind" : "remoteSourceControl",
      "location" : "https://github.com/apple/swift-argument-parser.git",
      "state" : {
        "revision" : "6a52f3251125d74daf04fcbd5e6f08a75d074382",
        "version" : "1.8.2"
      }
    }
  ],
  "version" : 3
}
